// !$*UTF8*$!
{
	archiveVersion = 1;
	classes = {
	};
	objectVersion = 52;
	objects = {

/* Begin PBXBuildFile section */
		8424845229D29BCF00A9DD24 /* DrinkViewController.swift in Sources */ = {isa = PBXBuildFile; fileRef = 8424845129D29BCF00A9DD24 /* DrinkViewController.swift */; };
		84248DB629F8348100121558 /* SnapKit in Frameworks */ = {isa = PBXBuildFile; productRef = 84248DB529F8348100121558 /* SnapKit */; };
		843462F529F530D3002E8E5F /* SplashViewController.swift in Sources */ = {isa = PBXBuildFile; fileRef = 843462F429F530D3002E8E5F /* SplashViewController.swift */; };
		846AB72A29F6E9A90016793D /*  UIColor+Extensions.swift in Sources */ = {isa = PBXBuildFile; fileRef = 846AB72929F6E9A90016793D /*  UIColor+Extensions.swift */; };
		84790A6C29D29A0A00EE92CB /* AppDelegate.swift in Sources */ = {isa = PBXBuildFile; fileRef = 84790A6B29D29A0A00EE92CB /* AppDelegate.swift */; };
		84790A6E29D29A0A00EE92CB /* SceneDelegate.swift in Sources */ = {isa = PBXBuildFile; fileRef = 84790A6D29D29A0A00EE92CB /* SceneDelegate.swift */; };
		84790A7529D29A0B00EE92CB /* Assets.xcassets in Resources */ = {isa = PBXBuildFile; fileRef = 84790A7429D29A0B00EE92CB /* Assets.xcassets */; };
		84790A7829D29A0B00EE92CB /* LaunchScreen.storyboard in Resources */ = {isa = PBXBuildFile; fileRef = 84790A7629D29A0B00EE92CB /* LaunchScreen.storyboard */; };
		84DD058429D4A5AF004914D0 /* Drink.swift in Sources */ = {isa = PBXBuildFile; fileRef = 84DD058329D4A5AF004914D0 /* Drink.swift */; };
		84DD058729D4A9F1004914D0 /* NetworkManager.swift in Sources */ = {isa = PBXBuildFile; fileRef = 84DD058629D4A9F1004914D0 /* NetworkManager.swift */; };
		84DD058A29D4ACF7004914D0 /* DrinkViewModel.swift in Sources */ = {isa = PBXBuildFile; fileRef = 84DD058929D4ACF7004914D0 /* DrinkViewModel.swift */; };
/* End PBXBuildFile section */

/* Begin PBXFileReference section */
		8424845129D29BCF00A9DD24 /* DrinkViewController.swift */ = {isa = PBXFileReference; lastKnownFileType = sourcecode.swift; path = DrinkViewController.swift; sourceTree = "<group>"; };
		843462F429F530D3002E8E5F /* SplashViewController.swift */ = {isa = PBXFileReference; lastKnownFileType = sourcecode.swift; path = SplashViewController.swift; sourceTree = "<group>"; };
		846AB72929F6E9A90016793D /*  UIColor+Extensions.swift */ = {isa = PBXFileReference; lastKnownFileType = sourcecode.swift; path = " UIColor+Extensions.swift"; sourceTree = "<group>"; };
		84790A6829D29A0A00EE92CB /* Coctails.app */ = {isa = PBXFileReference; explicitFileType = wrapper.application; includeInIndex = 0; path = Coctails.app; sourceTree = BUILT_PRODUCTS_DIR; };
		84790A6B29D29A0A00EE92CB /* AppDelegate.swift */ = {isa = PBXFileReference; lastKnownFileType = sourcecode.swift; path = AppDelegate.swift; sourceTree = "<group>"; };
		84790A6D29D29A0A00EE92CB /* SceneDelegate.swift */ = {isa = PBXFileReference; lastKnownFileType = sourcecode.swift; path = SceneDelegate.swift; sourceTree = "<group>"; };
		84790A7429D29A0B00EE92CB /* Assets.xcassets */ = {isa = PBXFileReference; lastKnownFileType = folder.assetcatalog; path = Assets.xcassets; sourceTree = "<group>"; };
		84790A7729D29A0B00EE92CB /* Base */ = {isa = PBXFileReference; lastKnownFileType = file.storyboard; name = Base; path = Base.lproj/LaunchScreen.storyboard; sourceTree = "<group>"; };
		84790A7929D29A0B00EE92CB /* Info.plist */ = {isa = PBXFileReference; lastKnownFileType = text.plist.xml; path = Info.plist; sourceTree = "<group>"; };
		84DD058329D4A5AF004914D0 /* Drink.swift */ = {isa = PBXFileReference; lastKnownFileType = sourcecode.swift; path = Drink.swift; sourceTree = "<group>"; };
		84DD058629D4A9F1004914D0 /* NetworkManager.swift */ = {isa = PBXFileReference; lastKnownFileType = sourcecode.swift; path = NetworkManager.swift; sourceTree = "<group>"; };
		84DD058929D4ACF7004914D0 /* DrinkViewModel.swift */ = {isa = PBXFileReference; lastKnownFileType = sourcecode.swift; path = DrinkViewModel.swift; sourceTree = "<group>"; };
/* End PBXFileReference section */

/* Begin PBXFrameworksBuildPhase section */
		84790A6529D29A0A00EE92CB /* Frameworks */ = {
			isa = PBXFrameworksBuildPhase;
			buildActionMask = 2147483647;
			files = (
				84248DB629F8348100121558 /* SnapKit in Frameworks */,
			);
			runOnlyForDeploymentPostprocessing = 0;
		};
/* End PBXFrameworksBuildPhase section */

/* Begin PBXGroup section */
		8424844E29D29B5900A9DD24 /* Supporting files */ = {
			isa = PBXGroup;
			children = (
				84790A6D29D29A0A00EE92CB /* SceneDelegate.swift */,
				84790A6B29D29A0A00EE92CB /* AppDelegate.swift */,
				84790A7629D29A0B00EE92CB /* LaunchScreen.storyboard */,
				84790A7429D29A0B00EE92CB /* Assets.xcassets */,
				84790A7929D29A0B00EE92CB /* Info.plist */,
			);
			path = "Supporting files";
			sourceTree = "<group>";
		};
		8424844F29D29B7A00A9DD24 /* Extensions */ = {
			isa = PBXGroup;
			children = (
				846AB72929F6E9A90016793D /*  UIColor+Extensions.swift */,
			);
			path = Extensions;
			sourceTree = "<group>";
		};
		8424845029D29BA100A9DD24 /* Random coctail */ = {
			isa = PBXGroup;
			children = (
				8424845129D29BCF00A9DD24 /* DrinkViewController.swift */,
			);
			path = "Random coctail";
			sourceTree = "<group>";
		};
		843462F329F530AE002E8E5F /* Splash */ = {
			isa = PBXGroup;
			children = (
				843462F429F530D3002E8E5F /* SplashViewController.swift */,
			);
			path = Splash;
			sourceTree = "<group>";
		};
		84790A5F29D29A0A00EE92CB = {
			isa = PBXGroup;
			children = (
				84790A6A29D29A0A00EE92CB /* Coctails */,
				84790A6929D29A0A00EE92CB /* Products */,
			);
			sourceTree = "<group>";
		};
		84790A6929D29A0A00EE92CB /* Products */ = {
			isa = PBXGroup;
			children = (
				84790A6829D29A0A00EE92CB /* Coctails.app */,
			);
			name = Products;
			sourceTree = "<group>";
		};
		84790A6A29D29A0A00EE92CB /* Coctails */ = {
			isa = PBXGroup;
			children = (
				843462F329F530AE002E8E5F /* Splash */,
				84DD058829D4ACBA004914D0 /* ViewModels */,
				84DD058529D4A9DC004914D0 /* Network manager */,
				84DD058229D4A5A3004914D0 /* Models */,
				8424845029D29BA100A9DD24 /* Random coctail */,
				8424844F29D29B7A00A9DD24 /* Extensions */,
				8424844E29D29B5900A9DD24 /* Supporting files */,
			);
			path = Coctails;
			sourceTree = "<group>";
		};
		84DD058229D4A5A3004914D0 /* Models */ = {
			isa = PBXGroup;
			children = (
				84DD058329D4A5AF004914D0 /* Drink.swift */,
			);
			path = Models;
			sourceTree = "<group>";
		};
		84DD058529D4A9DC004914D0 /* Network manager */ = {
			isa = PBXGroup;
			children = (
				84DD058629D4A9F1004914D0 /* NetworkManager.swift */,
			);
			path = "Network manager";
			sourceTree = "<group>";
		};
		84DD058829D4ACBA004914D0 /* ViewModels */ = {
			isa = PBXGroup;
			children = (
				84DD058929D4ACF7004914D0 /* DrinkViewModel.swift */,
			);
			path = ViewModels;
			sourceTree = "<group>";
		};
/* End PBXGroup section */

/* Begin PBXNativeTarget section */
		84790A6729D29A0A00EE92CB /* Coctails */ = {
			isa = PBXNativeTarget;
			buildConfigurationList = 84790A7C29D29A0B00EE92CB /* Build configuration list for PBXNativeTarget "Coctails" */;
			buildPhases = (
				84790A6429D29A0A00EE92CB /* Sources */,
				84790A6529D29A0A00EE92CB /* Frameworks */,
				84790A6629D29A0A00EE92CB /* Resources */,
			);
			buildRules = (
			);
			dependencies = (
			);
			name = Coctails;
			packageProductDependencies = (
				84248DB529F8348100121558 /* SnapKit */,
			);
			productName = Coctails;
			productReference = 84790A6829D29A0A00EE92CB /* Coctails.app */;
			productType = "com.apple.product-type.application";
		};
/* End PBXNativeTarget section */

/* Begin PBXProject section */
		84790A6029D29A0A00EE92CB /* Project object */ = {
			isa = PBXProject;
			attributes = {
				LastSwiftUpdateCheck = 1250;
				LastUpgradeCheck = 1250;
				TargetAttributes = {
					84790A6729D29A0A00EE92CB = {
						CreatedOnToolsVersion = 12.5;
					};
				};
			};
			buildConfigurationList = 84790A6329D29A0A00EE92CB /* Build configuration list for PBXProject "Coctails" */;
			compatibilityVersion = "Xcode 9.3";
			developmentRegion = en;
			hasScannedForEncodings = 0;
			knownRegions = (
				en,
				Base,
			);
			mainGroup = 84790A5F29D29A0A00EE92CB;
			packageReferences = (
				84248DB429F8348100121558 /* XCRemoteSwiftPackageReference "SnapKit" */,
			);
			productRefGroup = 84790A6929D29A0A00EE92CB /* Products */;
			projectDirPath = "";
			projectRoot = "";
			targets = (
				84790A6729D29A0A00EE92CB /* Coctails */,
			);
		};
/* End PBXProject section */

/* Begin PBXResourcesBuildPhase section */
		84790A6629D29A0A00EE92CB /* Resources */ = {
			isa = PBXResourcesBuildPhase;
			buildActionMask = 2147483647;
			files = (
				84790A7829D29A0B00EE92CB /* LaunchScreen.storyboard in Resources */,
				84790A7529D29A0B00EE92CB /* Assets.xcassets in Resources */,
			);
			runOnlyForDeploymentPostprocessing = 0;
		};
/* End PBXResourcesBuildPhase section */

/* Begin PBXSourcesBuildPhase section */
		84790A6429D29A0A00EE92CB /* Sources */ = {
			isa = PBXSourcesBuildPhase;
			buildActionMask = 2147483647;
			files = (
				84790A6C29D29A0A00EE92CB /* AppDelegate.swift in Sources */,
				84790A6E29D29A0A00EE92CB /* SceneDelegate.swift in Sources */,
				84DD058729D4A9F1004914D0 /* NetworkManager.swift in Sources */,
				8424845229D29BCF00A9DD24 /* DrinkViewController.swift in Sources */,
				846AB72A29F6E9A90016793D /*  UIColor+Extensions.swift in Sources */,
				84DD058A29D4ACF7004914D0 /* DrinkViewModel.swift in Sources */,
				843462F529F530D3002E8E5F /* SplashViewController.swift in Sources */,
				84DD058429D4A5AF004914D0 /* Drink.swift in Sources */,
			);
			runOnlyForDeploymentPostprocessing = 0;
		};
/* End PBXSourcesBuildPhase section */

/* Begin PBXVariantGroup section */
		84790A7629D29A0B00EE92CB /* LaunchScreen.storyboard */ = {
			isa = PBXVariantGroup;
			children = (
				84790A7729D29A0B00EE92CB /* Base */,
			);
			name = LaunchScreen.storyboard;
			sourceTree = "<group>";
		};
/* End PBXVariantGroup section */

/* Begin XCBuildConfiguration section */
		84790A7A29D29A0B00EE92CB /* Debug */ = {
			isa = XCBuildConfiguration;
			buildSettings = {
				ALWAYS_SEARCH_USER_PATHS = NO;
				CLANG_ANALYZER_NONNULL = YES;
				CLANG_ANALYZER_NUMBER_OBJECT_CONVERSION = YES_AGGRESSIVE;
				CLANG_CXX_LANGUAGE_STANDARD = "gnu++14";
				CLANG_CXX_LIBRARY = "libc++";
				CLANG_ENABLE_MODULES = YES;
				CLANG_ENABLE_OBJC_ARC = YES;
				CLANG_ENABLE_OBJC_WEAK = YES;
				CLANG_WARN_BLOCK_CAPTURE_AUTORELEASING = YES;
				CLANG_WARN_BOOL_CONVERSION = YES;
				CLANG_WARN_COMMA = YES;
				CLANG_WARN_CONSTANT_CONVERSION = YES;
				CLANG_WARN_DEPRECATED_OBJC_IMPLEMENTATIONS = YES;
				CLANG_WARN_DIRECT_OBJC_ISA_USAGE = YES_ERROR;
				CLANG_WARN_DOCUMENTATION_COMMENTS = YES;
				CLANG_WARN_EMPTY_BODY = YES;
				CLANG_WARN_ENUM_CONVERSION = YES;
				CLANG_WARN_INFINITE_RECURSION = YES;
				CLANG_WARN_INT_CONVERSION = YES;
				CLANG_WARN_NON_LITERAL_NULL_CONVERSION = YES;
				CLANG_WARN_OBJC_IMPLICIT_RETAIN_SELF = YES;
				CLANG_WARN_OBJC_LITERAL_CONVERSION = YES;
				CLANG_WARN_OBJC_ROOT_CLASS = YES_ERROR;
				CLANG_WARN_QUOTED_INCLUDE_IN_FRAMEWORK_HEADER = YES;
				CLANG_WARN_RANGE_LOOP_ANALYSIS = YES;
				CLANG_WARN_STRICT_PROTOTYPES = YES;
				CLANG_WARN_SUSPICIOUS_MOVE = YES;
				CLANG_WARN_UNGUARDED_AVAILABILITY = YES_AGGRESSIVE;
				CLANG_WARN_UNREACHABLE_CODE = YES;
				CLANG_WARN__DUPLICATE_METHOD_MATCH = YES;
				COPY_PHASE_STRIP = NO;
				DEBUG_INFORMATION_FORMAT = dwarf;
				ENABLE_STRICT_OBJC_MSGSEND = YES;
				ENABLE_TESTABILITY = YES;
				GCC_C_LANGUAGE_STANDARD = gnu11;
				GCC_DYNAMIC_NO_PIC = NO;
				GCC_NO_COMMON_BLOCKS = YES;
				GCC_OPTIMIZATION_LEVEL = 0;
				GCC_PREPROCESSOR_DEFINITIONS = (
					"DEBUG=1",
					"$(inherited)",
				);
				GCC_WARN_64_TO_32_BIT_CONVERSION = YES;
				GCC_WARN_ABOUT_RETURN_TYPE = YES_ERROR;
				GCC_WARN_UNDECLARED_SELECTOR = YES;
				GCC_WARN_UNINITIALIZED_AUTOS = YES_AGGRESSIVE;
				GCC_WARN_UNUSED_FUNCTION = YES;
				GCC_WARN_UNUSED_VARIABLE = YES;
				IPHONEOS_DEPLOYMENT_TARGET = 14.5;
				MTL_ENABLE_DEBUG_INFO = INCLUDE_SOURCE;
				MTL_FAST_MATH = YES;
				ONLY_ACTIVE_ARCH = YES;
				SDKROOT = iphoneos;
				SWIFT_ACTIVE_COMPILATION_CONDITIONS = DEBUG;
				SWIFT_OPTIMIZATION_LEVEL = "-Onone";
			};
			name = Debug;
		};
		84790A7B29D29A0B00EE92CB /* Release */ = {
			isa = XCBuildConfiguration;
			buildSettings = {
				ALWAYS_SEARCH_USER_PATHS = NO;
				CLANG_ANALYZER_NONNULL = YES;
				CLANG_ANALYZER_NUMBER_OBJECT_CONVERSION = YES_AGGRESSIVE;
				CLANG_CXX_LANGUAGE_STANDARD = "gnu++14";
				CLANG_CXX_LIBRARY = "libc++";
				CLANG_ENABLE_MODULES = YES;
				CLANG_ENABLE_OBJC_ARC = YES;
				CLANG_ENABLE_OBJC_WEAK = YES;
				CLANG_WARN_BLOCK_CAPTURE_AUTORELEASING = YES;
				CLANG_WARN_BOOL_CONVERSION = YES;
				CLANG_WARN_COMMA = YES;
				CLANG_WARN_CONSTANT_CONVERSION = YES;
				CLANG_WARN_DEPRECATED_OBJC_IMPLEMENTATIONS = YES;
				CLANG_WARN_DIRECT_OBJC_ISA_USAGE = YES_ERROR;
				CLANG_WARN_DOCUMENTATION_COMMENTS = YES;
				CLANG_WARN_EMPTY_BODY = YES;
				CLANG_WARN_ENUM_CONVERSION = YES;
				CLANG_WARN_INFINITE_RECURSION = YES;
				CLANG_WARN_INT_CONVERSION = YES;
				CLANG_WARN_NON_LITERAL_NULL_CONVERSION = YES;
				CLANG_WARN_OBJC_IMPLICIT_RETAIN_SELF = YES;
				CLANG_WARN_OBJC_LITERAL_CONVERSION = YES;
				CLANG_WARN_OBJC_ROOT_CLASS = YES_ERROR;
				CLANG_WARN_QUOTED_INCLUDE_IN_FRAMEWORK_HEADER = YES;
				CLANG_WARN_RANGE_LOOP_ANALYSIS = YES;
				CLANG_WARN_STRICT_PROTOTYPES = YES;
				CLANG_WARN_SUSPICIOUS_MOVE = YES;
				CLANG_WARN_UNGUARDED_AVAILABILITY = YES_AGGRESSIVE;
				CLANG_WARN_UNREACHABLE_CODE = YES;
				CLANG_WARN__DUPLICATE_METHOD_MATCH = YES;
				COPY_PHASE_STRIP = NO;
				DEBUG_INFORMATION_FORMAT = "dwarf-with-dsym";
				ENABLE_NS_ASSERTIONS = NO;
				ENABLE_STRICT_OBJC_MSGSEND = YES;
				GCC_C_LANGUAGE_STANDARD = gnu11;
				GCC_NO_COMMON_BLOCKS = YES;
				GCC_WARN_64_TO_32_BIT_CONVERSION = YES;
				GCC_WARN_ABOUT_RETURN_TYPE = YES_ERROR;
				GCC_WARN_UNDECLARED_SELECTOR = YES;
				GCC_WARN_UNINITIALIZED_AUTOS = YES_AGGRESSIVE;
				GCC_WARN_UNUSED_FUNCTION = YES;
				GCC_WARN_UNUSED_VARIABLE = YES;
				IPHONEOS_DEPLOYMENT_TARGET = 14.5;
				MTL_ENABLE_DEBUG_INFO = NO;
				MTL_FAST_MATH = YES;
				SDKROOT = iphoneos;
				SWIFT_COMPILATION_MODE = wholemodule;
				SWIFT_OPTIMIZATION_LEVEL = "-O";
				VALIDATE_PRODUCT = YES;
			};
			name = Release;
		};
		84790A7D29D29A0B00EE92CB /* Debug */ = {
			isa = XCBuildConfiguration;
			buildSettings = {
				ASSETCATALOG_COMPILER_APPICON_NAME = AppIcon;
				ASSETCATALOG_COMPILER_GLOBAL_ACCENT_COLOR_NAME = AccentColor;
				CODE_SIGN_STYLE = Automatic;
				INFOPLIST_FILE = "Coctails/supporting files/Info.plist";
				LD_RUNPATH_SEARCH_PATHS = (
					"$(inherited)",
					"@executable_path/Frameworks",
				);
				PRODUCT_BUNDLE_IDENTIFIER = alexInc.Coctails;
				PRODUCT_NAME = "$(TARGET_NAME)";
				SWIFT_VERSION = 5.0;
				TARGETED_DEVICE_FAMILY = "1,2";
			};
			name = Debug;
		};
		84790A7E29D29A0B00EE92CB /* Release */ = {
			isa = XCBuildConfiguration;
			buildSettings = {
				ASSETCATALOG_COMPILER_APPICON_NAME = AppIcon;
				ASSETCATALOG_COMPILER_GLOBAL_ACCENT_COLOR_NAME = AccentColor;
				CODE_SIGN_STYLE = Automatic;
				INFOPLIST_FILE = "Coctails/supporting files/Info.plist";
				LD_RUNPATH_SEARCH_PATHS = (
					"$(inherited)",
					"@executable_path/Frameworks",
				);
				PRODUCT_BUNDLE_IDENTIFIER = alexInc.Coctails;
				PRODUCT_NAME = "$(TARGET_NAME)";
				SWIFT_VERSION = 5.0;
				TARGETED_DEVICE_FAMILY = "1,2";
			};
			name = Release;
		};
/* End XCBuildConfiguration section */

/* Begin XCConfigurationList section */
		84790A6329D29A0A00EE92CB /* Build configuration list for PBXProject "Coctails" */ = {
			isa = XCConfigurationList;
			buildConfigurations = (
				84790A7A29D29A0B00EE92CB /* Debug */,
				84790A7B29D29A0B00EE92CB /* Release */,
			);
			defaultConfigurationIsVisible = 0;
			defaultConfigurationName = Release;
		};
		84790A7C29D29A0B00EE92CB /* Build configuration list for PBXNativeTarget "Coctails" */ = {
			isa = XCConfigurationList;
			buildConfigurations = (
				84790A7D29D29A0B00EE92CB /* Debug */,
				84790A7E29D29A0B00EE92CB /* Release */,
			);
			defaultConfigurationIsVisible = 0;
			defaultConfigurationName = Release;
		};
/* End XCConfigurationList section */

/* Begin XCRemoteSwiftPackageReference section */
		84248DB429F8348100121558 /* XCRemoteSwiftPackageReference "SnapKit" */ = {
			isa = XCRemoteSwiftPackageReference;
			repositoryURL = "https://github.com/SnapKit/SnapKit.git";
			requirement = {
				kind = upToNextMajorVersion;
				minimumVersion = 5.6.0;
			};
		};
/* End XCRemoteSwiftPackageReference section */

/* Begin XCSwiftPackageProductDependency section */
		84248DB529F8348100121558 /* SnapKit */ = {
			isa = XCSwiftPackageProductDependency;
			package = 84248DB429F8348100121558 /* XCRemoteSwiftPackageReference "SnapKit" */;
			productName = SnapKit;
		};
/* End XCSwiftPackageProductDependency section */
	};
	rootObject = 84790A6029D29A0A00EE92CB /* Project object */;
}
